
Microsoft Visual Studio Solution File, Format Version 12.00
# Visual Studio Version 17
VisualStudioVersion = 17.5.33502.453
MinimumVisualStudioVersion = 10.0.40219.1
Project("{8BC9CEB8-8B4A-11D0-8D11-00A0C91BC942}") = "Spaceshooter", "Spaceshooter\Spaceshooter.vcxproj", "{F296E7BC-8478-479B-854B-55738931856B}"
EndProject
Global
	GlobalSection(SolutionConfigurationPlatforms) = preSolution
		Debug|x64 = Debug|x64
		Debug|x86 = Debug|x86
		Release|x64 = Release|x64
		Release|x86 = Release|x86
	EndGlobalSection
	GlobalSection(ProjectConfigurationPlatforms) = postSolution
		{F296E7BC-8478-479B-854B-55738931856B}.Debug|x64.ActiveCfg = Debug|x64
		{F296E7BC-8478-479B-854B-55738931856B}.Debug|x64.Build.0 = Debug|x64
		{F296E7BC-8478-479B-854B-55738931856B}.Debug|x86.ActiveCfg = Debug|Win32
		{F296E7BC-8478-479B-854B-55738931856B}.Debug|x86.Build.0 = Debug|Win32
		{F296E7BC-8478-479B-854B-55738931856B}.Release|x64.ActiveCfg = Release|x64
		{F296E7BC-8478-479B-854B-55738931856B}.Release|x64.Build.0 = Release|x64
		{F296E7BC-8478-479B-854B-55738931856B}.Release|x86.ActiveCfg = Release|Win32
		{F296E7BC-8478-479B-854B-55738931856B}.Release|x86.Build.0 = Release|Win32
	EndGlobalSection
	GlobalSection(SolutionProperties) = preSolution
		HideSolutionNode = FALSE
	EndGlobalSection
	GlobalSection(ExtensibilityGlobals) = postSolution
		SolutionGuid = {B201099E-7A7B-4AED-B067-B7401564B541}
	EndGlobalSection
EndGlobal
