<?xml version="1.0" encoding="utf-8"?>
<Project ToolsVersion="4.0" xmlns="http://schemas.microsoft.com/developer/msbuild/2003">
  <ItemGroup>
    <Filter Include="Source Files">
      <UniqueIdentifier>{4FC737F1-C7A5-4376-A066-2A32D752A2FF}</UniqueIdentifier>
      <Extensions>cpp;c;cc;cxx;c++;cppm;ixx;def;odl;idl;hpj;bat;asm;asmx</Extensions>
    </Filter>
    <Filter Include="Header Files">
      <UniqueIdentifier>{93995380-89BD-4b04-88EB-625FBE52EBFB}</UniqueIdentifier>
      <Extensions>h;hh;hpp;hxx;h++;hm;inl;inc;ipp;xsd</Extensions>
    </Filter>
    <Filter Include="Resource Files">
      <UniqueIdentifier>{67DA6AB6-F800-4c08-8B7A-83BB121AAD01}</UniqueIdentifier>
      <Extensions>rc;ico;cur;bmp;dlg;rc2;rct;bin;rgs;gif;jpg;jpeg;jpe;resx;tiff;tif;png;wav;mfcribbon-ms</Extensions>
    </Filter>
    <Filter Include="Header Files\Shell">
      <UniqueIdentifier>{35de9cea-9c9f-4cc6-b761-91157557bed4}</UniqueIdentifier>
    </Filter>
    <Filter Include="Source Files\Engine">
      <UniqueIdentifier>{291f9177-b5b1-4f53-a312-e6cf3b7aff48}</UniqueIdentifier>
    </Filter>
    <Filter Include="Header Files\Engine">
      <UniqueIdentifier>{bbf0276c-014c-48b3-8c96-d621f2376cc1}</UniqueIdentifier>
    </Filter>
    <Filter Include="Header Files\Game">
      <UniqueIdentifier>{6296b660-817e-4ab7-a621-70bd6d767512}</UniqueIdentifier>
    </Filter>
    <Filter Include="Source Files\Game">
      <UniqueIdentifier>{f5db9498-5dda-4d36-8786-70489f501428}</UniqueIdentifier>
    </Filter>
    <Filter Include="Header Files\Game\Scenes">
      <UniqueIdentifier>{13751846-cbf0-43f1-9ea7-0cc2ac5257ca}</UniqueIdentifier>
    </Filter>
    <Filter Include="Source Files\Game\Scenes">
      <UniqueIdentifier>{45da5594-e191-4fb0-8e70-8554ba58d34c}</UniqueIdentifier>
    </Filter>
    <Filter Include="Header Files\Engine\SceneManagement">
      <UniqueIdentifier>{1767ad5b-dc8f-4730-a148-652f7b5317ce}</UniqueIdentifier>
    </Filter>
    <Filter Include="Source Files\Engine\SceneManagement">
      <UniqueIdentifier>{74ea082c-e4e0-49f9-ada5-03c000397711}</UniqueIdentifier>
    </Filter>
    <Filter Include="Header Files\Engine\Components">
      <UniqueIdentifier>{61886fb1-57b8-41db-92fb-f5c4fc211c2b}</UniqueIdentifier>
    </Filter>
    <Filter Include="Source Files\Engine\Components">
      <UniqueIdentifier>{797b461e-94e4-41dc-bab1-876b7936b886}</UniqueIdentifier>
    </Filter>
    <Filter Include="Header Files\Engine\Misc">
      <UniqueIdentifier>{539ce72a-e441-4d6e-b648-91a44d69ab35}</UniqueIdentifier>
    </Filter>
    <Filter Include="Source Files\Engine\Misc">
      <UniqueIdentifier>{97b14d70-5ac9-4857-bd15-e51e46d183b5}</UniqueIdentifier>
    </Filter>
    <Filter Include="Source Files\Engine\Components\IndividualComponents">
      <UniqueIdentifier>{cc97dbb4-78dc-429e-a664-219feae48b7b}</UniqueIdentifier>
    </Filter>
    <Filter Include="Header Files\Engine\Components\IndividualComponents">
      <UniqueIdentifier>{35d8a7b9-1926-4059-9bd5-3de304605e42}</UniqueIdentifier>
    </Filter>
    <Filter Include="Source Files\Shell">
      <UniqueIdentifier>{060424b9-7f4f-4489-966b-36b899b55080}</UniqueIdentifier>
    </Filter>
    <Filter Include="Header Files\Engine\InputManagement">
      <UniqueIdentifier>{fe1f6e36-0dbc-4051-9d30-6fccb08080d2}</UniqueIdentifier>
    </Filter>
    <Filter Include="Source Files\Engine\InputManagment">
      <UniqueIdentifier>{6d32e02b-9934-4175-a6e7-fc166d272da8}</UniqueIdentifier>
    </Filter>
    <Filter Include="Source Files\Engine\CollisionManagement">
      <UniqueIdentifier>{01de2da0-c74e-4263-9e48-8dbbebe055db}</UniqueIdentifier>
    </Filter>
    <Filter Include="Header Files\Engine\CollisionManagement">
      <UniqueIdentifier>{bc15455f-60f8-43a0-8738-bc0c12778f3b}</UniqueIdentifier>
    </Filter>
    <Filter Include="Header Files\Game\Components">
      <UniqueIdentifier>{d4879036-a359-4ef9-9cc7-c164f533b7e4}</UniqueIdentifier>
    </Filter>
    <Filter Include="Source Files\Game\Components">
      <UniqueIdentifier>{2fe27e2a-4535-4c15-b136-39c180000078}</UniqueIdentifier>
    </Filter>
    <Filter Include="Source Files\Engine\ErrorHandling">
      <UniqueIdentifier>{ae4c01d1-5aa2-4fde-9483-931673e22f44}</UniqueIdentifier>
    </Filter>
    <Filter Include="Header Files\Engine\ErrorHandling">
      <UniqueIdentifier>{4a4cdecd-bc2d-460a-aaab-f1dca10e6bea}</UniqueIdentifier>
    </Filter>
    <Filter Include="Source Files\Game\ObjectManagement">
      <UniqueIdentifier>{15f80b4b-887d-457e-bd79-a9eb2ef9d74a}</UniqueIdentifier>
    </Filter>
    <Filter Include="Header Files\Game\ObjectManagement">
      <UniqueIdentifier>{8e3c9e95-f09d-413c-9e9e-2c003f813122}</UniqueIdentifier>
    </Filter>
    <Filter Include="Header Files\Engine\Camera">
      <UniqueIdentifier>{c8479228-189a-4712-8f1d-96aca3a60ef3}</UniqueIdentifier>
    </Filter>
    <Filter Include="Source Files\Engine\Camera">
      <UniqueIdentifier>{7588f44e-102b-4bb7-b553-97595784267c}</UniqueIdentifier>
    </Filter>
    <Filter Include="Header Files\Debugging">
      <UniqueIdentifier>{00e8c29e-a4a0-4227-a980-7188b808ba84}</UniqueIdentifier>
    </Filter>
    <Filter Include="Source Files\Debugging">
      <UniqueIdentifier>{88bab8ea-1035-4961-9fb1-c15e9cdd5c54}</UniqueIdentifier>
    </Filter>
    <Filter Include="Source Files\Game\Components\Asteroids">
      <UniqueIdentifier>{e7b4aada-c924-47e3-b385-84ccee6aef86}</UniqueIdentifier>
    </Filter>
    <Filter Include="Source Files\Game\Components\Boss">
      <UniqueIdentifier>{84ca0b3e-0d01-4dd3-a7a7-c77da2397f3a}</UniqueIdentifier>
    </Filter>
    <Filter Include="Source Files\Game\Components\EnemyShips">
      <UniqueIdentifier>{72b73d5f-cbbf-4d52-b88f-a94bf9259490}</UniqueIdentifier>
    </Filter>
    <Filter Include="Source Files\Game\Components\Player">
      <UniqueIdentifier>{303a70e3-8810-4482-91cf-bca15551cbf0}</UniqueIdentifier>
    </Filter>
    <Filter Include="Source Files\Game\Components\PlayerBullet">
      <UniqueIdentifier>{171286f2-df97-45b6-9e69-6408bd9583df}</UniqueIdentifier>
    </Filter>
    <Filter Include="Header Files\Game\Components\Asteroids">
      <UniqueIdentifier>{82deb7dd-9778-45eb-9e06-79cea555c6af}</UniqueIdentifier>
    </Filter>
    <Filter Include="Header Files\Game\Components\Boss">
      <UniqueIdentifier>{3d71662d-9f84-4b17-9189-3dd72a7bb0d9}</UniqueIdentifier>
    </Filter>
    <Filter Include="Header Files\Game\Components\EnemyShips">
      <UniqueIdentifier>{04c8cd26-9fb9-4176-b31b-7a9e4104e901}</UniqueIdentifier>
    </Filter>
    <Filter Include="Header Files\Game\Components\PlayerBullet">
      <UniqueIdentifier>{6bec9396-bd2e-4f53-bf6d-784667b361dc}</UniqueIdentifier>
    </Filter>
    <Filter Include="Header Files\Game\Components\Player">
      <UniqueIdentifier>{e4af1e7e-7d32-4836-95c7-59e9a56add5f}</UniqueIdentifier>
    </Filter>
    <Filter Include="Header Files\Game\Components\Boss\States">
      <UniqueIdentifier>{f2b608ff-c4af-4c63-a694-ab978b5d0ab3}</UniqueIdentifier>
    </Filter>
    <Filter Include="Header Files\Game\Components\Boss\HomingMissile">
      <UniqueIdentifier>{eda79270-d25c-4a86-a989-f9392b6085b5}</UniqueIdentifier>
    </Filter>
    <Filter Include="Source Files\Game\Components\Boss\States">
      <UniqueIdentifier>{ad528bf1-3ada-4939-8c41-b6b89a4c5111}</UniqueIdentifier>
    </Filter>
    <Filter Include="Source Files\Game\Components\Boss\HomingMissile">
      <UniqueIdentifier>{605a45d2-8757-4047-b6b6-49e659f3d1b2}</UniqueIdentifier>
    </Filter>
  </ItemGroup>
  <ItemGroup>
    <ClCompile Include="camera.cpp">
      <Filter>Source Files\Shell</Filter>
    </ClCompile>
    <ClCompile Include="ErrorLogger.cpp">
      <Filter>Source Files\Shell</Filter>
    </ClCompile>
    <ClCompile Include="gamecode.cpp">
      <Filter>Source Files\Shell</Filter>
    </ClCompile>
    <ClCompile Include="gametimer.cpp">
      <Filter>Source Files\Shell</Filter>
    </ClCompile>
    <ClCompile Include="mydrawengine.cpp">
      <Filter>Source Files\Shell</Filter>
    </ClCompile>
    <ClCompile Include="myinputs.cpp">
      <Filter>Source Files\Shell</Filter>
    </ClCompile>
    <ClCompile Include="mysoundengine.cpp">
      <Filter>Source Files\Shell</Filter>
    </ClCompile>
    <ClCompile Include="Shapes.cpp">
      <Filter>Source Files\Shell</Filter>
    </ClCompile>
    <ClCompile Include="vector2D.cpp">
      <Filter>Source Files\Shell</Filter>
    </ClCompile>
    <ClCompile Include="wincode.cpp">
      <Filter>Source Files\Shell</Filter>
    </ClCompile>
    <ClCompile Include="Scene_Level1.cpp">
      <Filter>Source Files\Game\Scenes</Filter>
    </ClCompile>
    <ClCompile Include="SceneManager.cpp">
      <Filter>Source Files\Engine\SceneManagement</Filter>
    </ClCompile>
    <ClCompile Include="Scene.cpp">
      <Filter>Source Files\Engine\SceneManagement</Filter>
    </ClCompile>
    <ClCompile Include="Identifiable.cpp">
      <Filter>Source Files\Engine\Misc</Filter>
    </ClCompile>
    <ClCompile Include="Component.cpp">
      <Filter>Source Files\Engine\Components</Filter>
    </ClCompile>
    <ClCompile Include="ComponentRegistry.cpp">
      <Filter>Source Files\Engine\Components</Filter>
    </ClCompile>
    <ClCompile Include="Scene_Level2.cpp">
      <Filter>Source Files\Game\Scenes</Filter>
    </ClCompile>
    <ClCompile Include="Component_SpriteRenderer.cpp">
      <Filter>Source Files\Engine\Components\IndividualComponents</Filter>
    </ClCompile>
    <ClCompile Include="Component_RectangleCollider.cpp">
      <Filter>Source Files\Engine\Components\IndividualComponents</Filter>
    </ClCompile>
    <ClCompile Include="Component_AudioEmitter.cpp">
      <Filter>Source Files\Engine\Components\IndividualComponents</Filter>
    </ClCompile>
    <ClCompile Include="InputManager.cpp">
      <Filter>Source Files\Engine\InputManagment</Filter>
    </ClCompile>
    <ClCompile Include="Component_Collider.cpp">
      <Filter>Source Files\Engine\Components\IndividualComponents</Filter>
    </ClCompile>
    <ClCompile Include="Component_CircleCollider.cpp">
      <Filter>Source Files\Engine\Components\IndividualComponents</Filter>
    </ClCompile>
    <ClCompile Include="CollisionManager.cpp">
      <Filter>Source Files\Engine\CollisionManagement</Filter>
    </ClCompile>
    <ClCompile Include="Component_Animator.cpp">
      <Filter>Source Files\Engine\Components\IndividualComponents</Filter>
    </ClCompile>
    <ClCompile Include="EngineException.cpp">
      <Filter>Source Files\Engine\ErrorHandling</Filter>
    </ClCompile>
    <ClCompile Include="GameObjectFactory.cpp">
      <Filter>Source Files\Game\ObjectManagement</Filter>
    </ClCompile>
    <ClCompile Include="GameObject.cpp">
      <Filter>Source Files\Engine\Components</Filter>
    </ClCompile>
    <ClCompile Include="MainCamera.cpp">
      <Filter>Source Files\Engine\Camera</Filter>
    </ClCompile>
    <ClCompile Include="Time.cpp">
      <Filter>Source Files\Engine\Misc</Filter>
    </ClCompile>
    <ClCompile Include="Gameloop.cpp">
      <Filter>Source Files\Engine\Misc</Filter>
    </ClCompile>
    <ClCompile Include="ActiveBounds.cpp">
      <Filter>Source Files\Game\ObjectManagement</Filter>
    </ClCompile>
    <ClCompile Include="Scene_Level3.cpp">
      <Filter>Source Files\Game\Scenes</Filter>
    </ClCompile>
    <ClCompile Include="Logging.cpp">
      <Filter>Source Files\Debugging</Filter>
    </ClCompile>
    <ClCompile Include="Component_ScoreManager.cpp">
      <Filter>Source Files\Game\Components</Filter>
    </ClCompile>
    <ClCompile Include="StartScheduler.cpp">
      <Filter>Source Files\Engine\Components</Filter>
    </ClCompile>
    <ClCompile Include="Component_AsteroidCollider.cpp">
      <Filter>Source Files\Game\Components\Asteroids</Filter>
    </ClCompile>
    <ClCompile Include="Component_AsteroidController.cpp">
      <Filter>Source Files\Game\Components\Asteroids</Filter>
    </ClCompile>
    <ClCompile Include="Component_AsteroidsManager.cpp">
      <Filter>Source Files\Game\Components\Asteroids</Filter>
    </ClCompile>
    <ClCompile Include="Component_BossCollider.cpp">
      <Filter>Source Files\Game\Components\Boss</Filter>
    </ClCompile>
    <ClCompile Include="Component_BossController.cpp">
      <Filter>Source Files\Game\Components\Boss</Filter>
    </ClCompile>
    <ClCompile Include="Component_EnemyShipCollider.cpp">
      <Filter>Source Files\Game\Components\EnemyShips</Filter>
    </ClCompile>
    <ClCompile Include="Component_EnemyShipController.cpp">
      <Filter>Source Files\Game\Components\EnemyShips</Filter>
    </ClCompile>
    <ClCompile Include="Component_EnemyShipsManager.cpp">
      <Filter>Source Files\Game\Components\EnemyShips</Filter>
    </ClCompile>
    <ClCompile Include="Component_PlayerCollider.cpp">
      <Filter>Source Files\Game\Components\Player</Filter>
    </ClCompile>
    <ClCompile Include="Component_PlayerController.cpp">
      <Filter>Source Files\Game\Components\Player</Filter>
    </ClCompile>
    <ClCompile Include="Component_PlayerInput.cpp">
      <Filter>Source Files\Game\Components\Player</Filter>
    </ClCompile>
    <ClCompile Include="Component_PlayerBulletCollider.cpp">
      <Filter>Source Files\Game\Components\PlayerBullet</Filter>
    </ClCompile>
    <ClCompile Include="Component_PlayerBulletController.cpp">
      <Filter>Source Files\Game\Components\PlayerBullet</Filter>
    </ClCompile>
    <ClCompile Include="BossState_Exploding.cpp">
      <Filter>Source Files\Game\Components\Boss\States</Filter>
    </ClCompile>
    <ClCompile Include="BossState_Floating.cpp">
      <Filter>Source Files\Game\Components\Boss\States</Filter>
    </ClCompile>
    <ClCompile Include="BossState_GracePeriod.cpp">
      <Filter>Source Files\Game\Components\Boss\States</Filter>
    </ClCompile>
    <ClCompile Include="BossState_MovingToFloatingSpot.cpp">
      <Filter>Source Files\Game\Components\Boss\States</Filter>
    </ClCompile>
    <ClCompile Include="Component_HomingMissileController.cpp">
      <Filter>Source Files\Game\Components\Boss\HomingMissile</Filter>
    </ClCompile>
    <ClCompile Include="Component_HomingMissileCollider.cpp">
      <Filter>Source Files\Game\Components\Boss\HomingMissile</Filter>
    </ClCompile>
  </ItemGroup>
  <ItemGroup>
    <ClInclude Include="camera.h">
      <Filter>Header Files\Shell</Filter>
    </ClInclude>
    <ClInclude Include="ErrorLogger.h">
      <Filter>Header Files\Shell</Filter>
    </ClInclude>
    <ClInclude Include="errortype.h">
      <Filter>Header Files\Shell</Filter>
    </ClInclude>
    <ClInclude Include="gamecode.h">
      <Filter>Header Files\Shell</Filter>
    </ClInclude>
    <ClInclude Include="gametimer.h">
      <Filter>Header Files\Shell</Filter>
    </ClInclude>
    <ClInclude Include="mydrawengine.h">
      <Filter>Header Files\Shell</Filter>
    </ClInclude>
    <ClInclude Include="myinputs.h">
      <Filter>Header Files\Shell</Filter>
    </ClInclude>
    <ClInclude Include="mysoundengine.h">
      <Filter>Header Files\Shell</Filter>
    </ClInclude>
    <ClInclude Include="objecttypes.h">
      <Filter>Header Files\Shell</Filter>
    </ClInclude>
    <ClInclude Include="Shapes.h">
      <Filter>Header Files\Shell</Filter>
    </ClInclude>
    <ClInclude Include="vector2D.h">
      <Filter>Header Files\Shell</Filter>
    </ClInclude>
    <ClInclude Include="Scene_Level1.h">
      <Filter>Header Files\Game\Scenes</Filter>
    </ClInclude>
    <ClInclude Include="SceneManager.h">
      <Filter>Header Files\Engine\SceneManagement</Filter>
    </ClInclude>
    <ClInclude Include="Scene.h">
      <Filter>Header Files\Engine\SceneManagement</Filter>
    </ClInclude>
    <ClInclude Include="Identifiable.h">
      <Filter>Header Files\Engine\Misc</Filter>
    </ClInclude>
    <ClInclude Include="Component.h">
      <Filter>Header Files\Engine\Components</Filter>
    </ClInclude>
    <ClInclude Include="ComponentRegistry.h">
      <Filter>Header Files\Engine\Components</Filter>
    </ClInclude>
    <ClInclude Include="Scene_Level2.h">
      <Filter>Header Files\Game\Scenes</Filter>
    </ClInclude>
    <ClInclude Include="Component_Transform.h">
      <Filter>Header Files\Engine\Components\IndividualComponents</Filter>
    </ClInclude>
    <ClInclude Include="Component_SpriteRenderer.h">
      <Filter>Header Files\Engine\Components\IndividualComponents</Filter>
    </ClInclude>
    <ClInclude Include="Component_RectangleCollider.h">
      <Filter>Header Files\Engine\Components\IndividualComponents</Filter>
    </ClInclude>
    <ClInclude Include="Component_AudioEmitter.h">
      <Filter>Header Files\Engine\Components\IndividualComponents</Filter>
    </ClInclude>
    <ClInclude Include="InputManager.h">
      <Filter>Header Files\Engine\InputManagement</Filter>
    </ClInclude>
    <ClInclude Include="Component_Collider.h">
      <Filter>Header Files\Engine\Components\IndividualComponents</Filter>
    </ClInclude>
    <ClInclude Include="Component_CircleCollider.h">
      <Filter>Header Files\Engine\Components\IndividualComponents</Filter>
    </ClInclude>
    <ClInclude Include="CollisionManager.h">
      <Filter>Header Files\Engine\CollisionManagement</Filter>
    </ClInclude>
    <ClInclude Include="Component_Animator.h">
      <Filter>Header Files\Engine\Components\IndividualComponents</Filter>
    </ClInclude>
    <ClInclude Include="EngineException.h">
      <Filter>Header Files\Engine\ErrorHandling</Filter>
    </ClInclude>
    <ClInclude Include="Component_InputReader.h">
      <Filter>Header Files\Engine\Components\IndividualComponents</Filter>
    </ClInclude>
    <ClInclude Include="GameObjectFactory.h">
      <Filter>Header Files\Game\ObjectManagement</Filter>
    </ClInclude>
    <ClInclude Include="GameObject.h">
      <Filter>Header Files\Engine\Components</Filter>
    </ClInclude>
    <ClInclude Include="MainCamera.h">
      <Filter>Header Files\Engine\Camera</Filter>
    </ClInclude>
    <ClInclude Include="Time.h">
      <Filter>Header Files\Engine\Misc</Filter>
    </ClInclude>
    <ClInclude Include="Gameloop.h">
      <Filter>Header Files\Engine\Misc</Filter>
    </ClInclude>
    <ClInclude Include="ActiveBounds.h">
      <Filter>Header Files\Game\ObjectManagement</Filter>
    </ClInclude>
    <ClInclude Include="Constants.h">
      <Filter>Header Files\Engine\Misc</Filter>
    </ClInclude>
    <ClInclude Include="Scene_Level3.h">
      <Filter>Header Files\Game\Scenes</Filter>
    </ClInclude>
    <ClInclude Include="Debugging.h">
      <Filter>Header Files\Debugging</Filter>
    </ClInclude>
    <ClInclude Include="Logging.h">
      <Filter>Header Files\Debugging</Filter>
    </ClInclude>
    <ClInclude Include="Component_ScoreManager.h">
      <Filter>Header Files\Game\Components</Filter>
    </ClInclude>
    <ClInclude Include="StartScheduler.h">
      <Filter>Header Files\Engine\Components</Filter>
    </ClInclude>
    <ClInclude Include="Component_AsteroidCollider.h">
      <Filter>Header Files\Game\Components\Asteroids</Filter>
    </ClInclude>
    <ClInclude Include="Component_AsteroidController.h">
      <Filter>Header Files\Game\Components\Asteroids</Filter>
    </ClInclude>
    <ClInclude Include="Component_AsteroidsManager.h">
      <Filter>Header Files\Game\Components\Asteroids</Filter>
    </ClInclude>
    <ClInclude Include="Component_BossCollider.h">
      <Filter>Header Files\Game\Components\Boss</Filter>
    </ClInclude>
    <ClInclude Include="Component_BossController.h">
      <Filter>Header Files\Game\Components\Boss</Filter>
    </ClInclude>
    <ClInclude Include="Component_EnemyShipCollider.h">
      <Filter>Header Files\Game\Components\EnemyShips</Filter>
    </ClInclude>
    <ClInclude Include="Component_EnemyShipController.h">
      <Filter>Header Files\Game\Components\EnemyShips</Filter>
    </ClInclude>
    <ClInclude Include="Component_EnemyShipsManager.h">
      <Filter>Header Files\Game\Components\EnemyShips</Filter>
    </ClInclude>
    <ClInclude Include="Component_PlayerBulletCollider.h">
      <Filter>Header Files\Game\Components\PlayerBullet</Filter>
    </ClInclude>
    <ClInclude Include="Component_PlayerBulletController.h">
      <Filter>Header Files\Game\Components\PlayerBullet</Filter>
    </ClInclude>
    <ClInclude Include="Component_PlayerCollider.h">
      <Filter>Header Files\Game\Components\Player</Filter>
    </ClInclude>
    <ClInclude Include="Component_PlayerController.h">
      <Filter>Header Files\Game\Components\Player</Filter>
    </ClInclude>
    <ClInclude Include="Component_PlayerInput.h">
      <Filter>Header Files\Game\Components\Player</Filter>
    </ClInclude>
    <ClInclude Include="BossState.h">
      <Filter>Header Files\Game\Components\Boss\States</Filter>
    </ClInclude>
    <ClInclude Include="BossState_Exploding.h">
      <Filter>Header Files\Game\Components\Boss\States</Filter>
    </ClInclude>
    <ClInclude Include="BossState_Floating.h">
      <Filter>Header Files\Game\Components\Boss\States</Filter>
    </ClInclude>
    <ClInclude Include="BossState_GracePeriod.h">
      <Filter>Header Files\Game\Components\Boss\States</Filter>
    </ClInclude>
    <ClInclude Include="BossState_MovingToFloatingSpot.h">
      <Filter>Header Files\Game\Components\Boss\States</Filter>
    </ClInclude>
    <ClInclude Include="Component_HomingMissileCollider.h">
      <Filter>Header Files\Game\Components\Boss\HomingMissile</Filter>
    </ClInclude>
    <ClInclude Include="Component_HomingMissileController.h">
      <Filter>Header Files\Game\Components\Boss\HomingMissile</Filter>
    </ClInclude>
  </ItemGroup>
</Project>